
Microsoft Visual Studio Solution File, Format Version 12.00
# Visual Studio Version 16
VisualStudioVersion = 16.0.29709.97
MinimumVisualStudioVersion = 10.0.40219.1
Project("{9A19103F-16F7-4668-BE54-9A1E7A4F7556}") = "generate-blob-link", "generate-blob-link.csproj", "{52A82E75-EB2E-4341-BF11-67D60961533F}"
EndProject
Global
	GlobalSection(SolutionConfigurationPlatforms) = preSolution
		Debug|Any CPU = Debug|Any CPU
		Release|Any CPU = Release|Any CPU
	EndGlobalSection
	GlobalSection(ProjectConfigurationPlatforms) = postSolution
		{52A82E75-EB2E-4341-BF11-67D60961533F}.Debug|Any CPU.ActiveCfg = Debug|Any CPU
		{52A82E75-EB2E-4341-BF11-67D60961533F}.Debug|Any CPU.Build.0 = Debug|Any CPU
		{52A82E75-EB2E-4341-BF11-67D60961533F}.Release|Any CPU.ActiveCfg = Release|Any CPU
		{52A82E75-EB2E-4341-BF11-67D60961533F}.Release|Any CPU.Build.0 = Release|Any CPU
	EndGlobalSection
	GlobalSection(SolutionProperties) = preSolution
		HideSolutionNode = FALSE
	EndGlobalSection
	GlobalSection(ExtensibilityGlobals) = postSolution
		SolutionGuid = {F68CA1F2-8FCC-41FA-B4C8-FC342438B405}
	EndGlobalSection
EndGlobal
